{
  "name": "red-hat-hs-internship.github.io",
  "version": "1.0.0",
  "lockfileVersion": 3,
  "requires": true,
  "packages": {
    "": {
      "name": "red-hat-hs-internship.github.io",
      "version": "1.0.0",
      "license": "ISC",
      "dependencies": {
        "@patternfly/patternfly": "^5.3.1"
      }
    },
    "node_modules/@patternfly/patternfly": {
      "version": "5.3.1",
      "resolved": "https://registry.npmjs.org/@patternfly/patternfly/-/patternfly-5.3.1.tgz",
      "integrity": "sha512-KYIr9pKRTzHZNGuDuaa5j5CaZyLltvotPFGG1BiJalBDBGSOyk0BZCgHLowm4txKZXrLhorEuuv9XLrMQL8eoA=="
    }
  }
}
